
Microsoft Visual Studio Solution File, Format Version 12.00
# Visual Studio Version 16
VisualStudioVersion = 16.0.32901.82
MinimumVisualStudioVersion = 10.0.40219.1
Project("{FAE04EC0-301F-11D3-BF4B-00C04F79EFBC}") = "NorthwestCornerMethod", "NorthwestCornerMethod\NorthwestCornerMethod.csproj", "{7567F71C-A925-49A1-918C-412B81975693}"
EndProject
Global
	GlobalSection(SolutionConfigurationPlatforms) = preSolution
		Debug|Any CPU = Debug|Any CPU
		Release|Any CPU = Release|Any CPU
	EndGlobalSection
	GlobalSection(ProjectConfigurationPlatforms) = postSolution
		{7567F71C-A925-49A1-918C-412B81975693}.Debug|Any CPU.ActiveCfg = Debug|Any CPU
		{7567F71C-A925-49A1-918C-412B81975693}.Debug|Any CPU.Build.0 = Debug|Any CPU
		{7567F71C-A925-49A1-918C-412B81975693}.Release|Any CPU.ActiveCfg = Release|Any CPU
		{7567F71C-A925-49A1-918C-412B81975693}.Release|Any CPU.Build.0 = Release|Any CPU
	EndGlobalSection
	GlobalSection(SolutionProperties) = preSolution
		HideSolutionNode = FALSE
	EndGlobalSection
	GlobalSection(ExtensibilityGlobals) = postSolution
		SolutionGuid = {D21D9929-1932-4E35-B6BB-808857346B48}
	EndGlobalSection
EndGlobal
